schema: '2.0'
stages:
  prepare:
    cmd: python src/prepare.py
    deps:
    - path: src/prepare.py
      hash: md5
      md5: fbf17d50ad0ec2d66724cc2f842b61f2
      size: 580
    outs:
    - path: data/raw
      hash: md5
      md5: ef4a9fac2897e2992768d71dd539610a.dir
      size: 30869925
      nfiles: 1
  preprocess:
    cmd: python src/preprocess.py
    deps:
    - path: data/raw
      hash: md5
      md5: ef4a9fac2897e2992768d71dd539610a.dir
      size: 30869925
      nfiles: 1
    - path: src/preprocess.py
      hash: md5
      md5: f7e50236e1b4ffc3ac94a63ef4148815
      size: 1149
    params:
      params.yaml:
        preprocess.seed: 42
        preprocess.val_size: 0.1
    outs:
    - path: data/processed
      hash: md5
      md5: 8f047b810c46b3f8e76b9b760b8cbb12.dir
      size: 47160331
      nfiles: 1
  train:
    cmd: python src/train.py
    deps:
    - path: data/processed
      hash: md5
      md5: a10216dcd9d17533e9c090f670aa804a.dir
      size: 45395143
      nfiles: 1
    - path: src/train.py
      hash: md5
      md5: e9b066911c9d35b900a31d33b336b0bb
      size: 1434
    params:
      params.yaml:
        train.batch_size: 64
        train.dense_units: 256
        train.dropout_rate: 0.2
        train.epochs: 10
        train.learning_rate: 0.001
        train.seed: 42
    outs:
    - path: models/history.csv
      hash: md5
      md5: 3e4ab2632eb6bf69618ad67fbd25b155
      size: 838
    - path: models/model.h5
      hash: md5
      md5: a5d13d4c18e751dd5f90752fc0fd24ed
      size: 2466904
  evaluate:
    cmd: python src/evaluate.py
    deps:
    - path: data/processed
      hash: md5
      md5: a10216dcd9d17533e9c090f670aa804a.dir
      size: 45395143
      nfiles: 1
    - path: models/model.h5
      hash: md5
      md5: a5d13d4c18e751dd5f90752fc0fd24ed
      size: 2466904
    - path: src/evaluate.py
      hash: md5
      md5: 2710d8c6972180c1c5ea7b1bca58ff5a
      size: 1275
    outs:
    - path: metrics.json
      hash: md5
      md5: 1d5d41382c5fae5b8ff153e6871d573d
      size: 79
    - path: reports/confusion_matrix.png
      hash: md5
      md5: e366ff4b7ac076f7bae763b8294747d7
      size: 74754
